
Microsoft Visual Studio Solution File, Format Version 10.00
# Visual Studio 2008
Project("{FAE04EC0-301F-11D3-BF4B-00C04F79EFBC}") = "SpaceExplorer", "SpaceExplorer\SpaceExplorer.csproj", "{A650289F-04EE-4CC5-AFD5-3BD89639B128}"
EndProject
Global
	GlobalSection(SolutionConfigurationPlatforms) = preSolution
		Debug|Mixed Platforms = Debug|Mixed Platforms
		Debug|x86 = Debug|x86
		Debug|Xbox 360 = Debug|Xbox 360
		Release|Mixed Platforms = Release|Mixed Platforms
		Release|x86 = Release|x86
		Release|Xbox 360 = Release|Xbox 360
	EndGlobalSection
	GlobalSection(ProjectConfigurationPlatforms) = postSolution
		{A650289F-04EE-4CC5-AFD5-3BD89639B128}.Debug|Mixed Platforms.ActiveCfg = Debug|x86
		{A650289F-04EE-4CC5-AFD5-3BD89639B128}.Debug|Mixed Platforms.Build.0 = Debug|x86
		{A650289F-04EE-4CC5-AFD5-3BD89639B128}.Debug|x86.ActiveCfg = Debug|x86
		{A650289F-04EE-4CC5-AFD5-3BD89639B128}.Debug|x86.Build.0 = Debug|x86
		{A650289F-04EE-4CC5-AFD5-3BD89639B128}.Debug|Xbox 360.ActiveCfg = Debug|x86
		{A650289F-04EE-4CC5-AFD5-3BD89639B128}.Release|Mixed Platforms.ActiveCfg = Release|x86
		{A650289F-04EE-4CC5-AFD5-3BD89639B128}.Release|Mixed Platforms.Build.0 = Release|x86
		{A650289F-04EE-4CC5-AFD5-3BD89639B128}.Release|x86.ActiveCfg = Release|x86
		{A650289F-04EE-4CC5-AFD5-3BD89639B128}.Release|x86.Build.0 = Release|x86
		{A650289F-04EE-4CC5-AFD5-3BD89639B128}.Release|Xbox 360.ActiveCfg = Release|x86
		{72D70000-2831-4148-B8D3-FC06A2DC45FA}.Debug|Mixed Platforms.ActiveCfg = Debug|Xbox 360
		{72D70000-2831-4148-B8D3-FC06A2DC45FA}.Debug|Mixed Platforms.Build.0 = Debug|Xbox 360
		{72D70000-2831-4148-B8D3-FC06A2DC45FA}.Debug|x86.ActiveCfg = Debug|x86
		{72D70000-2831-4148-B8D3-FC06A2DC45FA}.Debug|x86.Build.0 = Debug|x86
		{72D70000-2831-4148-B8D3-FC06A2DC45FA}.Debug|Xbox 360.ActiveCfg = Debug|Xbox 360
		{72D70000-2831-4148-B8D3-FC06A2DC45FA}.Debug|Xbox 360.Build.0 = Debug|Xbox 360
		{72D70000-2831-4148-B8D3-FC06A2DC45FA}.Release|Mixed Platforms.ActiveCfg = Release|Xbox 360
		{72D70000-2831-4148-B8D3-FC06A2DC45FA}.Release|Mixed Platforms.Build.0 = Release|Xbox 360
		{72D70000-2831-4148-B8D3-FC06A2DC45FA}.Release|x86.ActiveCfg = Release|x86
		{72D70000-2831-4148-B8D3-FC06A2DC45FA}.Release|x86.Build.0 = Release|x86
		{72D70000-2831-4148-B8D3-FC06A2DC45FA}.Release|Xbox 360.ActiveCfg = Release|Xbox 360
		{72D70000-2831-4148-B8D3-FC06A2DC45FA}.Release|Xbox 360.Build.0 = Release|Xbox 360
	EndGlobalSection
	GlobalSection(SolutionProperties) = preSolution
		HideSolutionNode = FALSE
	EndGlobalSection
EndGlobal
